
Microsoft Visual Studio Solution File, Format Version 12.00
# Visual Studio Version 16
VisualStudioVersion = 16.0.31515.178
MinimumVisualStudioVersion = 10.0.40219.1
Project("{9A19103F-16F7-4668-BE54-9A1E7A4F7556}") = "Librarian", "Librarian\Librarian.csproj", "{7E1C0B12-937A-4606-A466-707AB5A03C28}"
EndProject
Project("{FAE04EC0-301F-11D3-BF4B-00C04F79EFBC}") = "Librarian.Domain", "Librarian.Domain\Librarian.Domain.csproj", "{8B57A826-E6EF-4931-987B-C6D8E2A1DF85}"
EndProject
Project("{FAE04EC0-301F-11D3-BF4B-00C04F79EFBC}") = "Librarian.InfraData", "Librarian.InfraData\Librarian.InfraData.csproj", "{18808EF6-CB52-4DC6-AECB-63587D7BFAD7}"
EndProject
Global
	GlobalSection(SolutionConfigurationPlatforms) = preSolution
		Debug|Any CPU = Debug|Any CPU
		Release|Any CPU = Release|Any CPU
	EndGlobalSection
	GlobalSection(ProjectConfigurationPlatforms) = postSolution
		{7E1C0B12-937A-4606-A466-707AB5A03C28}.Debug|Any CPU.ActiveCfg = Debug|Any CPU
		{7E1C0B12-937A-4606-A466-707AB5A03C28}.Debug|Any CPU.Build.0 = Debug|Any CPU
		{7E1C0B12-937A-4606-A466-707AB5A03C28}.Release|Any CPU.ActiveCfg = Release|Any CPU
		{7E1C0B12-937A-4606-A466-707AB5A03C28}.Release|Any CPU.Build.0 = Release|Any CPU
		{8B57A826-E6EF-4931-987B-C6D8E2A1DF85}.Debug|Any CPU.ActiveCfg = Debug|Any CPU
		{8B57A826-E6EF-4931-987B-C6D8E2A1DF85}.Debug|Any CPU.Build.0 = Debug|Any CPU
		{8B57A826-E6EF-4931-987B-C6D8E2A1DF85}.Release|Any CPU.ActiveCfg = Release|Any CPU
		{8B57A826-E6EF-4931-987B-C6D8E2A1DF85}.Release|Any CPU.Build.0 = Release|Any CPU
		{18808EF6-CB52-4DC6-AECB-63587D7BFAD7}.Debug|Any CPU.ActiveCfg = Debug|Any CPU
		{18808EF6-CB52-4DC6-AECB-63587D7BFAD7}.Debug|Any CPU.Build.0 = Debug|Any CPU
		{18808EF6-CB52-4DC6-AECB-63587D7BFAD7}.Release|Any CPU.ActiveCfg = Release|Any CPU
		{18808EF6-CB52-4DC6-AECB-63587D7BFAD7}.Release|Any CPU.Build.0 = Release|Any CPU
	EndGlobalSection
	GlobalSection(SolutionProperties) = preSolution
		HideSolutionNode = FALSE
	EndGlobalSection
	GlobalSection(ExtensibilityGlobals) = postSolution
		SolutionGuid = {5BA3D5B2-168C-47ED-9F79-0A2942514064}
	EndGlobalSection
EndGlobal
